
Microsoft Visual Studio Solution File, Format Version 12.00
# Visual Studio Version 16
VisualStudioVersion = 16.0.31613.86
MinimumVisualStudioVersion = 10.0.40219.1
Project("{FAE04EC0-301F-11D3-BF4B-00C04F79EFBC}") = "Frontend", "Frontend\Frontend.csproj", "{E049B14F-8980-4F20-8159-A79C44A65995}"
EndProject
Project("{FAE04EC0-301F-11D3-BF4B-00C04F79EFBC}") = "Backend", "Backend\Backend.csproj", "{885CDAB0-A807-4EED-B00D-DF5F3BBF765C}"
EndProject
Global
	GlobalSection(SolutionConfigurationPlatforms) = preSolution
		Debug|Any CPU = Debug|Any CPU
		Release|Any CPU = Release|Any CPU
	EndGlobalSection
	GlobalSection(ProjectConfigurationPlatforms) = postSolution
		{E049B14F-8980-4F20-8159-A79C44A65995}.Debug|Any CPU.ActiveCfg = Debug|Any CPU
		{E049B14F-8980-4F20-8159-A79C44A65995}.Debug|Any CPU.Build.0 = Debug|Any CPU
		{E049B14F-8980-4F20-8159-A79C44A65995}.Release|Any CPU.ActiveCfg = Release|Any CPU
		{E049B14F-8980-4F20-8159-A79C44A65995}.Release|Any CPU.Build.0 = Release|Any CPU
		{885CDAB0-A807-4EED-B00D-DF5F3BBF765C}.Debug|Any CPU.ActiveCfg = Debug|Any CPU
		{885CDAB0-A807-4EED-B00D-DF5F3BBF765C}.Debug|Any CPU.Build.0 = Debug|Any CPU
		{885CDAB0-A807-4EED-B00D-DF5F3BBF765C}.Release|Any CPU.ActiveCfg = Release|Any CPU
		{885CDAB0-A807-4EED-B00D-DF5F3BBF765C}.Release|Any CPU.Build.0 = Release|Any CPU
	EndGlobalSection
	GlobalSection(SolutionProperties) = preSolution
		HideSolutionNode = FALSE
	EndGlobalSection
	GlobalSection(ExtensibilityGlobals) = postSolution
		SolutionGuid = {706E70F3-C74D-43BF-BC24-5ED1E77F0A78}
	EndGlobalSection
EndGlobal
