
Microsoft Visual Studio Solution File, Format Version 12.00
# Visual Studio Version 16
VisualStudioVersion = 16.0.31613.86
MinimumVisualStudioVersion = 10.0.40219.1
Project("{9A19103F-16F7-4668-BE54-9A1E7A4F7556}") = "Backend", "Backend\Backend.csproj", "{885CDAB0-A807-4EED-B00D-DF5F3BBF765C}"
EndProject
Project("{FAE04EC0-301F-11D3-BF4B-00C04F79EFBC}") = "Models", "Models\Models.csproj", "{0B5557D0-47E6-46AB-83D8-AA2894B89347}"
EndProject
Project("{FAE04EC0-301F-11D3-BF4B-00C04F79EFBC}") = "WebApplication", "WebApplication1\WebApplication.csproj", "{348507A2-2DBA-4DAA-91DF-26393828381C}"
EndProject
Project("{FAE04EC0-301F-11D3-BF4B-00C04F79EFBC}") = "WpfApp", "WpfApp\WpfApp.csproj", "{97474106-16E0-4025-9F85-170C6F6A9070}"
EndProject
Global
	GlobalSection(SolutionConfigurationPlatforms) = preSolution
		Debug|Any CPU = Debug|Any CPU
		Release|Any CPU = Release|Any CPU
	EndGlobalSection
	GlobalSection(ProjectConfigurationPlatforms) = postSolution
		{885CDAB0-A807-4EED-B00D-DF5F3BBF765C}.Debug|Any CPU.ActiveCfg = Debug|Any CPU
		{885CDAB0-A807-4EED-B00D-DF5F3BBF765C}.Debug|Any CPU.Build.0 = Debug|Any CPU
		{885CDAB0-A807-4EED-B00D-DF5F3BBF765C}.Release|Any CPU.ActiveCfg = Release|Any CPU
		{885CDAB0-A807-4EED-B00D-DF5F3BBF765C}.Release|Any CPU.Build.0 = Release|Any CPU
		{0B5557D0-47E6-46AB-83D8-AA2894B89347}.Debug|Any CPU.ActiveCfg = Debug|Any CPU
		{0B5557D0-47E6-46AB-83D8-AA2894B89347}.Debug|Any CPU.Build.0 = Debug|Any CPU
		{0B5557D0-47E6-46AB-83D8-AA2894B89347}.Release|Any CPU.ActiveCfg = Release|Any CPU
		{0B5557D0-47E6-46AB-83D8-AA2894B89347}.Release|Any CPU.Build.0 = Release|Any CPU
		{348507A2-2DBA-4DAA-91DF-26393828381C}.Debug|Any CPU.ActiveCfg = Debug|Any CPU
		{348507A2-2DBA-4DAA-91DF-26393828381C}.Debug|Any CPU.Build.0 = Debug|Any CPU
		{348507A2-2DBA-4DAA-91DF-26393828381C}.Release|Any CPU.ActiveCfg = Release|Any CPU
		{348507A2-2DBA-4DAA-91DF-26393828381C}.Release|Any CPU.Build.0 = Release|Any CPU
		{97474106-16E0-4025-9F85-170C6F6A9070}.Debug|Any CPU.ActiveCfg = Debug|Any CPU
		{97474106-16E0-4025-9F85-170C6F6A9070}.Debug|Any CPU.Build.0 = Debug|Any CPU
		{97474106-16E0-4025-9F85-170C6F6A9070}.Release|Any CPU.ActiveCfg = Release|Any CPU
		{97474106-16E0-4025-9F85-170C6F6A9070}.Release|Any CPU.Build.0 = Release|Any CPU
	EndGlobalSection
	GlobalSection(SolutionProperties) = preSolution
		HideSolutionNode = FALSE
	EndGlobalSection
	GlobalSection(ExtensibilityGlobals) = postSolution
		SolutionGuid = {706E70F3-C74D-43BF-BC24-5ED1E77F0A78}
	EndGlobalSection
EndGlobal
